
Microsoft Visual Studio Solution File, Format Version 12.00
# Visual Studio Version 17
VisualStudioVersion = 17.8.34309.116
MinimumVisualStudioVersion = 10.0.40219.1
Project("{9A19103F-16F7-4668-BE54-9A1E7A4F7556}") = "CustomerAPI", "WebAPINET6\CustomerAPI.csproj", "{7F8D21A5-2994-4D47-8146-771423BB34CA}"
EndProject
Project("{9A19103F-16F7-4668-BE54-9A1E7A4F7556}") = "Contracts", "Contracts\Contracts.csproj", "{2EEF1023-489A-45EB-852E-4D3FA8E9B85C}"
EndProject
Project("{9A19103F-16F7-4668-BE54-9A1E7A4F7556}") = "LoggerService", "LoggerService\LoggerService.csproj", "{4A9B390E-B072-435D-AF9A-2C2ACD80322C}"
EndProject
Project("{9A19103F-16F7-4668-BE54-9A1E7A4F7556}") = "Entities", "Entities\Entities.csproj", "{E297CA49-FFDA-4503-9581-70E0E18E2DBE}"
EndProject
Project("{9A19103F-16F7-4668-BE54-9A1E7A4F7556}") = "Repository", "Repository\Repository.csproj", "{DC991495-1826-4D20-A753-D52AC32983D2}"
EndProject
Project("{9A19103F-16F7-4668-BE54-9A1E7A4F7556}") = "Service.Contracts", "Service.Contracts\Service.Contracts.csproj", "{E9EF1471-C51B-4830-A3D6-649EB981631F}"
EndProject
Project("{9A19103F-16F7-4668-BE54-9A1E7A4F7556}") = "Service", "Service\Service.csproj", "{EF00E620-34BD-47A2-9A0A-291675B6E117}"
EndProject
Project("{9A19103F-16F7-4668-BE54-9A1E7A4F7556}") = "Presentation", "CompanyEmployees.Presentation\Presentation.csproj", "{5920EBA5-375E-43BE-9764-548E10544267}"
EndProject
Project("{FAE04EC0-301F-11D3-BF4B-00C04F79EFBC}") = "Shared", "Shared\Shared.csproj", "{E5A41F89-5A02-454A-95C8-DB821563772E}"
EndProject
Project("{FAE04EC0-301F-11D3-BF4B-00C04F79EFBC}") = "Service.Tests", "Service.Tests\Service.Tests.csproj", "{02B3ECDC-B8E1-4D28-B0B2-0715C78AB1D5}"
EndProject
Global
	GlobalSection(SolutionConfigurationPlatforms) = preSolution
		Debug|Any CPU = Debug|Any CPU
		Release|Any CPU = Release|Any CPU
	EndGlobalSection
	GlobalSection(ProjectConfigurationPlatforms) = postSolution
		{7F8D21A5-2994-4D47-8146-771423BB34CA}.Debug|Any CPU.ActiveCfg = Debug|Any CPU
		{7F8D21A5-2994-4D47-8146-771423BB34CA}.Debug|Any CPU.Build.0 = Debug|Any CPU
		{7F8D21A5-2994-4D47-8146-771423BB34CA}.Release|Any CPU.ActiveCfg = Release|Any CPU
		{7F8D21A5-2994-4D47-8146-771423BB34CA}.Release|Any CPU.Build.0 = Release|Any CPU
		{2EEF1023-489A-45EB-852E-4D3FA8E9B85C}.Debug|Any CPU.ActiveCfg = Debug|Any CPU
		{2EEF1023-489A-45EB-852E-4D3FA8E9B85C}.Debug|Any CPU.Build.0 = Debug|Any CPU
		{2EEF1023-489A-45EB-852E-4D3FA8E9B85C}.Release|Any CPU.ActiveCfg = Release|Any CPU
		{2EEF1023-489A-45EB-852E-4D3FA8E9B85C}.Release|Any CPU.Build.0 = Release|Any CPU
		{4A9B390E-B072-435D-AF9A-2C2ACD80322C}.Debug|Any CPU.ActiveCfg = Debug|Any CPU
		{4A9B390E-B072-435D-AF9A-2C2ACD80322C}.Debug|Any CPU.Build.0 = Debug|Any CPU
		{4A9B390E-B072-435D-AF9A-2C2ACD80322C}.Release|Any CPU.ActiveCfg = Release|Any CPU
		{4A9B390E-B072-435D-AF9A-2C2ACD80322C}.Release|Any CPU.Build.0 = Release|Any CPU
		{E297CA49-FFDA-4503-9581-70E0E18E2DBE}.Debug|Any CPU.ActiveCfg = Debug|Any CPU
		{E297CA49-FFDA-4503-9581-70E0E18E2DBE}.Debug|Any CPU.Build.0 = Debug|Any CPU
		{E297CA49-FFDA-4503-9581-70E0E18E2DBE}.Release|Any CPU.ActiveCfg = Release|Any CPU
		{E297CA49-FFDA-4503-9581-70E0E18E2DBE}.Release|Any CPU.Build.0 = Release|Any CPU
		{DC991495-1826-4D20-A753-D52AC32983D2}.Debug|Any CPU.ActiveCfg = Debug|Any CPU
		{DC991495-1826-4D20-A753-D52AC32983D2}.Debug|Any CPU.Build.0 = Debug|Any CPU
		{DC991495-1826-4D20-A753-D52AC32983D2}.Release|Any CPU.ActiveCfg = Release|Any CPU
		{DC991495-1826-4D20-A753-D52AC32983D2}.Release|Any CPU.Build.0 = Release|Any CPU
		{E9EF1471-C51B-4830-A3D6-649EB981631F}.Debug|Any CPU.ActiveCfg = Debug|Any CPU
		{E9EF1471-C51B-4830-A3D6-649EB981631F}.Debug|Any CPU.Build.0 = Debug|Any CPU
		{E9EF1471-C51B-4830-A3D6-649EB981631F}.Release|Any CPU.ActiveCfg = Release|Any CPU
		{E9EF1471-C51B-4830-A3D6-649EB981631F}.Release|Any CPU.Build.0 = Release|Any CPU
		{EF00E620-34BD-47A2-9A0A-291675B6E117}.Debug|Any CPU.ActiveCfg = Debug|Any CPU
		{EF00E620-34BD-47A2-9A0A-291675B6E117}.Debug|Any CPU.Build.0 = Debug|Any CPU
		{EF00E620-34BD-47A2-9A0A-291675B6E117}.Release|Any CPU.ActiveCfg = Release|Any CPU
		{EF00E620-34BD-47A2-9A0A-291675B6E117}.Release|Any CPU.Build.0 = Release|Any CPU
		{5920EBA5-375E-43BE-9764-548E10544267}.Debug|Any CPU.ActiveCfg = Debug|Any CPU
		{5920EBA5-375E-43BE-9764-548E10544267}.Debug|Any CPU.Build.0 = Debug|Any CPU
		{5920EBA5-375E-43BE-9764-548E10544267}.Release|Any CPU.ActiveCfg = Release|Any CPU
		{5920EBA5-375E-43BE-9764-548E10544267}.Release|Any CPU.Build.0 = Release|Any CPU
		{E5A41F89-5A02-454A-95C8-DB821563772E}.Debug|Any CPU.ActiveCfg = Debug|Any CPU
		{E5A41F89-5A02-454A-95C8-DB821563772E}.Debug|Any CPU.Build.0 = Debug|Any CPU
		{E5A41F89-5A02-454A-95C8-DB821563772E}.Release|Any CPU.ActiveCfg = Release|Any CPU
		{E5A41F89-5A02-454A-95C8-DB821563772E}.Release|Any CPU.Build.0 = Release|Any CPU
		{02B3ECDC-B8E1-4D28-B0B2-0715C78AB1D5}.Debug|Any CPU.ActiveCfg = Debug|Any CPU
		{02B3ECDC-B8E1-4D28-B0B2-0715C78AB1D5}.Debug|Any CPU.Build.0 = Debug|Any CPU
		{02B3ECDC-B8E1-4D28-B0B2-0715C78AB1D5}.Release|Any CPU.ActiveCfg = Release|Any CPU
		{02B3ECDC-B8E1-4D28-B0B2-0715C78AB1D5}.Release|Any CPU.Build.0 = Release|Any CPU
	EndGlobalSection
	GlobalSection(SolutionProperties) = preSolution
		HideSolutionNode = FALSE
	EndGlobalSection
	GlobalSection(ExtensibilityGlobals) = postSolution
		SolutionGuid = {CC61BE57-4610-421F-A9C2-4F6DA0EE48A9}
	EndGlobalSection
EndGlobal
